// !$*UTF8*$!
{
	archiveVersion = 1;
	classes = {
	};
	objectVersion = 56;
	objects = {

/* Begin PBXBuildFile section */
		7317CD7B2B608D0800974859 /* CustomViewModifier.swift in Sources */ = {isa = PBXBuildFile; fileRef = 7317CD7A2B608D0800974859 /* CustomViewModifier.swift */; };
		7317CD7E2B608F9F00974859 /* Task.swift in Sources */ = {isa = PBXBuildFile; fileRef = 7317CD7D2B608F9F00974859 /* Task.swift */; };
		7317CD802B608FD900974859 /* ContentViewModel.swift in Sources */ = {isa = PBXBuildFile; fileRef = 7317CD7F2B608FD900974859 /* ContentViewModel.swift */; };
		7317CD822B6091CD00974859 /* CircularProgressView.swift in Sources */ = {isa = PBXBuildFile; fileRef = 7317CD812B6091CD00974859 /* CircularProgressView.swift */; };
		7317CD842B60989D00974859 /* CreateTask.swift in Sources */ = {isa = PBXBuildFile; fileRef = 7317CD832B60989D00974859 /* CreateTask.swift */; };
		7339541B2B608786008B1F1A /* Week2_ToDoApp.swift in Sources */ = {isa = PBXBuildFile; fileRef = 7339541A2B608786008B1F1A /* Week2_ToDoApp.swift */; };
		7339541D2B608786008B1F1A /* ContentView.swift in Sources */ = {isa = PBXBuildFile; fileRef = 7339541C2B608786008B1F1A /* ContentView.swift */; };
		7339541F2B60878C008B1F1A /* Assets.xcassets in Resources */ = {isa = PBXBuildFile; fileRef = 7339541E2B60878C008B1F1A /* Assets.xcassets */; };
		733954232B60878C008B1F1A /* Preview Assets.xcassets in Resources */ = {isa = PBXBuildFile; fileRef = 733954222B60878C008B1F1A /* Preview Assets.xcassets */; };
		7339542C2B6087CF008B1F1A /* RegisterName.swift in Sources */ = {isa = PBXBuildFile; fileRef = 7339542B2B6087CF008B1F1A /* RegisterName.swift */; };
/* End PBXBuildFile section */

/* Begin PBXFileReference section */
		7317CD7A2B608D0800974859 /* CustomViewModifier.swift */ = {isa = PBXFileReference; lastKnownFileType = sourcecode.swift; path = CustomViewModifier.swift; sourceTree = "<group>"; };
		7317CD7D2B608F9F00974859 /* Task.swift */ = {isa = PBXFileReference; lastKnownFileType = sourcecode.swift; path = Task.swift; sourceTree = "<group>"; };
		7317CD7F2B608FD900974859 /* ContentViewModel.swift */ = {isa = PBXFileReference; lastKnownFileType = sourcecode.swift; path = ContentViewModel.swift; sourceTree = "<group>"; };
		7317CD812B6091CD00974859 /* CircularProgressView.swift */ = {isa = PBXFileReference; lastKnownFileType = sourcecode.swift; path = CircularProgressView.swift; sourceTree = "<group>"; };
		7317CD832B60989D00974859 /* CreateTask.swift */ = {isa = PBXFileReference; lastKnownFileType = sourcecode.swift; path = CreateTask.swift; sourceTree = "<group>"; };
		733954172B608786008B1F1A /* Week2-ToDo.app */ = {isa = PBXFileReference; explicitFileType = wrapper.application; includeInIndex = 0; path = "Week2-ToDo.app"; sourceTree = BUILT_PRODUCTS_DIR; };
		7339541A2B608786008B1F1A /* Week2_ToDoApp.swift */ = {isa = PBXFileReference; lastKnownFileType = sourcecode.swift; path = Week2_ToDoApp.swift; sourceTree = "<group>"; };
		7339541C2B608786008B1F1A /* ContentView.swift */ = {isa = PBXFileReference; lastKnownFileType = sourcecode.swift; path = ContentView.swift; sourceTree = "<group>"; };
		7339541E2B60878C008B1F1A /* Assets.xcassets */ = {isa = PBXFileReference; lastKnownFileType = folder.assetcatalog; path = Assets.xcassets; sourceTree = "<group>"; };
		733954202B60878C008B1F1A /* Week2_ToDo.entitlements */ = {isa = PBXFileReference; lastKnownFileType = text.plist.entitlements; path = Week2_ToDo.entitlements; sourceTree = "<group>"; };
		733954222B60878C008B1F1A /* Preview Assets.xcassets */ = {isa = PBXFileReference; lastKnownFileType = folder.assetcatalog; path = "Preview Assets.xcassets"; sourceTree = "<group>"; };
		7339542B2B6087CF008B1F1A /* RegisterName.swift */ = {isa = PBXFileReference; lastKnownFileType = sourcecode.swift; path = RegisterName.swift; sourceTree = "<group>"; };
/* End PBXFileReference section */

/* Begin PBXFrameworksBuildPhase section */
		733954142B608786008B1F1A /* Frameworks */ = {
			isa = PBXFrameworksBuildPhase;
			buildActionMask = 2147483647;
			files = (
			);
			runOnlyForDeploymentPostprocessing = 0;
		};
/* End PBXFrameworksBuildPhase section */

/* Begin PBXGroup section */
		7317CD7C2B608F9100974859 /* Classes */ = {
			isa = PBXGroup;
			children = (
				7317CD7D2B608F9F00974859 /* Task.swift */,
			);
			path = Classes;
			sourceTree = "<group>";
		};
		7339540E2B608786008B1F1A = {
			isa = PBXGroup;
			children = (
				733954192B608786008B1F1A /* Week2-ToDo */,
				733954182B608786008B1F1A /* Products */,
			);
			sourceTree = "<group>";
		};
		733954182B608786008B1F1A /* Products */ = {
			isa = PBXGroup;
			children = (
				733954172B608786008B1F1A /* Week2-ToDo.app */,
			);
			name = Products;
			sourceTree = "<group>";
		};
		733954192B608786008B1F1A /* Week2-ToDo */ = {
			isa = PBXGroup;
			children = (
				7339541A2B608786008B1F1A /* Week2_ToDoApp.swift */,
				7317CD7C2B608F9100974859 /* Classes */,
				7339542D2B608C9F008B1F1A /* Modifiers */,
				7339542A2B6087BC008B1F1A /* Logged In */,
				733954292B6087B4008B1F1A /* Not Logged In */,
				7339541E2B60878C008B1F1A /* Assets.xcassets */,
				733954202B60878C008B1F1A /* Week2_ToDo.entitlements */,
				733954212B60878C008B1F1A /* Preview Content */,
			);
			path = "Week2-ToDo";
			sourceTree = "<group>";
		};
		733954212B60878C008B1F1A /* Preview Content */ = {
			isa = PBXGroup;
			children = (
				733954222B60878C008B1F1A /* Preview Assets.xcassets */,
			);
			path = "Preview Content";
			sourceTree = "<group>";
		};
		733954292B6087B4008B1F1A /* Not Logged In */ = {
			isa = PBXGroup;
			children = (
				7339542B2B6087CF008B1F1A /* RegisterName.swift */,
			);
			path = "Not Logged In";
			sourceTree = "<group>";
		};
		7339542A2B6087BC008B1F1A /* Logged In */ = {
			isa = PBXGroup;
			children = (
				7339541C2B608786008B1F1A /* ContentView.swift */,
				7317CD832B60989D00974859 /* CreateTask.swift */,
				7317CD7F2B608FD900974859 /* ContentViewModel.swift */,
			);
			path = "Logged In";
			sourceTree = "<group>";
		};
		7339542D2B608C9F008B1F1A /* Modifiers */ = {
			isa = PBXGroup;
			children = (
				7317CD7A2B608D0800974859 /* CustomViewModifier.swift */,
				7317CD812B6091CD00974859 /* CircularProgressView.swift */,
			);
			path = Modifiers;
			sourceTree = "<group>";
		};
/* End PBXGroup section */

/* Begin PBXNativeTarget section */
		733954162B608786008B1F1A /* Week2-ToDo */ = {
			isa = PBXNativeTarget;
			buildConfigurationList = 733954262B60878C008B1F1A /* Build configuration list for PBXNativeTarget "Week2-ToDo" */;
			buildPhases = (
				733954132B608786008B1F1A /* Sources */,
				733954142B608786008B1F1A /* Frameworks */,
				733954152B608786008B1F1A /* Resources */,
			);
			buildRules = (
			);
			dependencies = (
			);
			name = "Week2-ToDo";
			productName = "Week2-ToDo";
			productReference = 733954172B608786008B1F1A /* Week2-ToDo.app */;
			productType = "com.apple.product-type.application";
		};
/* End PBXNativeTarget section */

/* Begin PBXProject section */
		7339540F2B608786008B1F1A /* Project object */ = {
			isa = PBXProject;
			attributes = {
				BuildIndependentTargetsInParallel = 1;
				LastSwiftUpdateCheck = 1420;
				LastUpgradeCheck = 1420;
				TargetAttributes = {
					733954162B608786008B1F1A = {
						CreatedOnToolsVersion = 14.2;
					};
				};
			};
			buildConfigurationList = 733954122B608786008B1F1A /* Build configuration list for PBXProject "Week2-ToDo" */;
			compatibilityVersion = "Xcode 14.0";
			developmentRegion = en;
			hasScannedForEncodings = 0;
			knownRegions = (
				en,
				Base,
			);
			mainGroup = 7339540E2B608786008B1F1A;
			productRefGroup = 733954182B608786008B1F1A /* Products */;
			projectDirPath = "";
			projectRoot = "";
			targets = (
				733954162B608786008B1F1A /* Week2-ToDo */,
			);
		};
/* End PBXProject section */

/* Begin PBXResourcesBuildPhase section */
		733954152B608786008B1F1A /* Resources */ = {
			isa = PBXResourcesBuildPhase;
			buildActionMask = 2147483647;
			files = (
				733954232B60878C008B1F1A /* Preview Assets.xcassets in Resources */,
				7339541F2B60878C008B1F1A /* Assets.xcassets in Resources */,
			);
			runOnlyForDeploymentPostprocessing = 0;
		};
/* End PBXResourcesBuildPhase section */

/* Begin PBXSourcesBuildPhase section */
		733954132B608786008B1F1A /* Sources */ = {
			isa = PBXSourcesBuildPhase;
			buildActionMask = 2147483647;
			files = (
				7317CD7B2B608D0800974859 /* CustomViewModifier.swift in Sources */,
				7339541D2B608786008B1F1A /* ContentView.swift in Sources */,
				7317CD842B60989D00974859 /* CreateTask.swift in Sources */,
				7317CD802B608FD900974859 /* ContentViewModel.swift in Sources */,
				7317CD822B6091CD00974859 /* CircularProgressView.swift in Sources */,
				7317CD7E2B608F9F00974859 /* Task.swift in Sources */,
				7339541B2B608786008B1F1A /* Week2_ToDoApp.swift in Sources */,
				7339542C2B6087CF008B1F1A /* RegisterName.swift in Sources */,
			);
			runOnlyForDeploymentPostprocessing = 0;
		};
/* End PBXSourcesBuildPhase section */

/* Begin XCBuildConfiguration section */
		733954242B60878C008B1F1A /* Debug */ = {
			isa = XCBuildConfiguration;
			buildSettings = {
				ALWAYS_SEARCH_USER_PATHS = NO;
				CLANG_ANALYZER_NONNULL = YES;
				CLANG_ANALYZER_NUMBER_OBJECT_CONVERSION = YES_AGGRESSIVE;
				CLANG_CXX_LANGUAGE_STANDARD = "gnu++20";
				CLANG_ENABLE_MODULES = YES;
				CLANG_ENABLE_OBJC_ARC = YES;
				CLANG_ENABLE_OBJC_WEAK = YES;
				CLANG_WARN_BLOCK_CAPTURE_AUTORELEASING = YES;
				CLANG_WARN_BOOL_CONVERSION = YES;
				CLANG_WARN_COMMA = YES;
				CLANG_WARN_CONSTANT_CONVERSION = YES;
				CLANG_WARN_DEPRECATED_OBJC_IMPLEMENTATIONS = YES;
				CLANG_WARN_DIRECT_OBJC_ISA_USAGE = YES_ERROR;
				CLANG_WARN_DOCUMENTATION_COMMENTS = YES;
				CLANG_WARN_EMPTY_BODY = YES;
				CLANG_WARN_ENUM_CONVERSION = YES;
				CLANG_WARN_INFINITE_RECURSION = YES;
				CLANG_WARN_INT_CONVERSION = YES;
				CLANG_WARN_NON_LITERAL_NULL_CONVERSION = YES;
				CLANG_WARN_OBJC_IMPLICIT_RETAIN_SELF = YES;
				CLANG_WARN_OBJC_LITERAL_CONVERSION = YES;
				CLANG_WARN_OBJC_ROOT_CLASS = YES_ERROR;
				CLANG_WARN_QUOTED_INCLUDE_IN_FRAMEWORK_HEADER = YES;
				CLANG_WARN_RANGE_LOOP_ANALYSIS = YES;
				CLANG_WARN_STRICT_PROTOTYPES = YES;
				CLANG_WARN_SUSPICIOUS_MOVE = YES;
				CLANG_WARN_UNGUARDED_AVAILABILITY = YES_AGGRESSIVE;
				CLANG_WARN_UNREACHABLE_CODE = YES;
				CLANG_WARN__DUPLICATE_METHOD_MATCH = YES;
				COPY_PHASE_STRIP = NO;
				DEBUG_INFORMATION_FORMAT = dwarf;
				ENABLE_STRICT_OBJC_MSGSEND = YES;
				ENABLE_TESTABILITY = YES;
				GCC_C_LANGUAGE_STANDARD = gnu11;
				GCC_DYNAMIC_NO_PIC = NO;
				GCC_NO_COMMON_BLOCKS = YES;
				GCC_OPTIMIZATION_LEVEL = 0;
				GCC_PREPROCESSOR_DEFINITIONS = (
					"DEBUG=1",
					"$(inherited)",
				);
				GCC_WARN_64_TO_32_BIT_CONVERSION = YES;
				GCC_WARN_ABOUT_RETURN_TYPE = YES_ERROR;
				GCC_WARN_UNDECLARED_SELECTOR = YES;
				GCC_WARN_UNINITIALIZED_AUTOS = YES_AGGRESSIVE;
				GCC_WARN_UNUSED_FUNCTION = YES;
				GCC_WARN_UNUSED_VARIABLE = YES;
				MTL_ENABLE_DEBUG_INFO = INCLUDE_SOURCE;
				MTL_FAST_MATH = YES;
				ONLY_ACTIVE_ARCH = YES;
				SWIFT_ACTIVE_COMPILATION_CONDITIONS = DEBUG;
				SWIFT_OPTIMIZATION_LEVEL = "-Onone";
			};
			name = Debug;
		};
		733954252B60878C008B1F1A /* Release */ = {
			isa = XCBuildConfiguration;
			buildSettings = {
				ALWAYS_SEARCH_USER_PATHS = NO;
				CLANG_ANALYZER_NONNULL = YES;
				CLANG_ANALYZER_NUMBER_OBJECT_CONVERSION = YES_AGGRESSIVE;
				CLANG_CXX_LANGUAGE_STANDARD = "gnu++20";
				CLANG_ENABLE_MODULES = YES;
				CLANG_ENABLE_OBJC_ARC = YES;
				CLANG_ENABLE_OBJC_WEAK = YES;
				CLANG_WARN_BLOCK_CAPTURE_AUTORELEASING = YES;
				CLANG_WARN_BOOL_CONVERSION = YES;
				CLANG_WARN_COMMA = YES;
				CLANG_WARN_CONSTANT_CONVERSION = YES;
				CLANG_WARN_DEPRECATED_OBJC_IMPLEMENTATIONS = YES;
				CLANG_WARN_DIRECT_OBJC_ISA_USAGE = YES_ERROR;
				CLANG_WARN_DOCUMENTATION_COMMENTS = YES;
				CLANG_WARN_EMPTY_BODY = YES;
				CLANG_WARN_ENUM_CONVERSION = YES;
				CLANG_WARN_INFINITE_RECURSION = YES;
				CLANG_WARN_INT_CONVERSION = YES;
				CLANG_WARN_NON_LITERAL_NULL_CONVERSION = YES;
				CLANG_WARN_OBJC_IMPLICIT_RETAIN_SELF = YES;
				CLANG_WARN_OBJC_LITERAL_CONVERSION = YES;
				CLANG_WARN_OBJC_ROOT_CLASS = YES_ERROR;
				CLANG_WARN_QUOTED_INCLUDE_IN_FRAMEWORK_HEADER = YES;
				CLANG_WARN_RANGE_LOOP_ANALYSIS = YES;
				CLANG_WARN_STRICT_PROTOTYPES = YES;
				CLANG_WARN_SUSPICIOUS_MOVE = YES;
				CLANG_WARN_UNGUARDED_AVAILABILITY = YES_AGGRESSIVE;
				CLANG_WARN_UNREACHABLE_CODE = YES;
				CLANG_WARN__DUPLICATE_METHOD_MATCH = YES;
				COPY_PHASE_STRIP = NO;
				DEBUG_INFORMATION_FORMAT = "dwarf-with-dsym";
				ENABLE_NS_ASSERTIONS = NO;
				ENABLE_STRICT_OBJC_MSGSEND = YES;
				GCC_C_LANGUAGE_STANDARD = gnu11;
				GCC_NO_COMMON_BLOCKS = YES;
				GCC_WARN_64_TO_32_BIT_CONVERSION = YES;
				GCC_WARN_ABOUT_RETURN_TYPE = YES_ERROR;
				GCC_WARN_UNDECLARED_SELECTOR = YES;
				GCC_WARN_UNINITIALIZED_AUTOS = YES_AGGRESSIVE;
				GCC_WARN_UNUSED_FUNCTION = YES;
				GCC_WARN_UNUSED_VARIABLE = YES;
				MTL_ENABLE_DEBUG_INFO = NO;
				MTL_FAST_MATH = YES;
				SWIFT_COMPILATION_MODE = wholemodule;
				SWIFT_OPTIMIZATION_LEVEL = "-O";
			};
			name = Release;
		};
		733954272B60878C008B1F1A /* Debug */ = {
			isa = XCBuildConfiguration;
			buildSettings = {
				ASSETCATALOG_COMPILER_APPICON_NAME = AppIcon;
				ASSETCATALOG_COMPILER_GLOBAL_ACCENT_COLOR_NAME = AccentColor;
				CODE_SIGN_ENTITLEMENTS = "Week2-ToDo/Week2_ToDo.entitlements";
				CODE_SIGN_STYLE = Automatic;
				CURRENT_PROJECT_VERSION = 1;
				DEVELOPMENT_ASSET_PATHS = "\"Week2-ToDo/Preview Content\"";
				DEVELOPMENT_TEAM = 7MV3786NJP;
				ENABLE_PREVIEWS = YES;
				GENERATE_INFOPLIST_FILE = YES;
				"INFOPLIST_KEY_UIApplicationSceneManifest_Generation[sdk=iphoneos*]" = YES;
				"INFOPLIST_KEY_UIApplicationSceneManifest_Generation[sdk=iphonesimulator*]" = YES;
				"INFOPLIST_KEY_UIApplicationSupportsIndirectInputEvents[sdk=iphoneos*]" = YES;
				"INFOPLIST_KEY_UIApplicationSupportsIndirectInputEvents[sdk=iphonesimulator*]" = YES;
				"INFOPLIST_KEY_UILaunchScreen_Generation[sdk=iphoneos*]" = YES;
				"INFOPLIST_KEY_UILaunchScreen_Generation[sdk=iphonesimulator*]" = YES;
				"INFOPLIST_KEY_UIStatusBarStyle[sdk=iphoneos*]" = UIStatusBarStyleDefault;
				"INFOPLIST_KEY_UIStatusBarStyle[sdk=iphonesimulator*]" = UIStatusBarStyleDefault;
				INFOPLIST_KEY_UISupportedInterfaceOrientations_iPad = "UIInterfaceOrientationPortrait UIInterfaceOrientationPortraitUpsideDown UIInterfaceOrientationLandscapeLeft UIInterfaceOrientationLandscapeRight";
				INFOPLIST_KEY_UISupportedInterfaceOrientations_iPhone = "UIInterfaceOrientationPortrait UIInterfaceOrientationLandscapeLeft UIInterfaceOrientationLandscapeRight";
				IPHONEOS_DEPLOYMENT_TARGET = 16.2;
				LD_RUNPATH_SEARCH_PATHS = "@executable_path/Frameworks";
				"LD_RUNPATH_SEARCH_PATHS[sdk=macosx*]" = "@executable_path/../Frameworks";
				MACOSX_DEPLOYMENT_TARGET = 12.6;
				MARKETING_VERSION = 1.0;
				PRODUCT_BUNDLE_IDENTIFIER = "colesherman.Week2-ToDo";
				PRODUCT_NAME = "$(TARGET_NAME)";
				SDKROOT = auto;
				SUPPORTED_PLATFORMS = "iphoneos iphonesimulator macosx";
				SWIFT_EMIT_LOC_STRINGS = YES;
				SWIFT_VERSION = 5.0;
				TARGETED_DEVICE_FAMILY = "1,2";
			};
			name = Debug;
		};
		733954282B60878C008B1F1A /* Release */ = {
			isa = XCBuildConfiguration;
			buildSettings = {
				ASSETCATALOG_COMPILER_APPICON_NAME = AppIcon;
				ASSETCATALOG_COMPILER_GLOBAL_ACCENT_COLOR_NAME = AccentColor;
				CODE_SIGN_ENTITLEMENTS = "Week2-ToDo/Week2_ToDo.entitlements";
				CODE_SIGN_STYLE = Automatic;
				CURRENT_PROJECT_VERSION = 1;
				DEVELOPMENT_ASSET_PATHS = "\"Week2-ToDo/Preview Content\"";
				DEVELOPMENT_TEAM = 7MV3786NJP;
				ENABLE_PREVIEWS = YES;
				GENERATE_INFOPLIST_FILE = YES;
				"INFOPLIST_KEY_UIApplicationSceneManifest_Generation[sdk=iphoneos*]" = YES;
				"INFOPLIST_KEY_UIApplicationSceneManifest_Generation[sdk=iphonesimulator*]" = YES;
				"INFOPLIST_KEY_UIApplicationSupportsIndirectInputEvents[sdk=iphoneos*]" = YES;
				"INFOPLIST_KEY_UIApplicationSupportsIndirectInputEvents[sdk=iphonesimulator*]" = YES;
				"INFOPLIST_KEY_UILaunchScreen_Generation[sdk=iphoneos*]" = YES;
				"INFOPLIST_KEY_UILaunchScreen_Generation[sdk=iphonesimulator*]" = YES;
				"INFOPLIST_KEY_UIStatusBarStyle[sdk=iphoneos*]" = UIStatusBarStyleDefault;
				"INFOPLIST_KEY_UIStatusBarStyle[sdk=iphonesimulator*]" = UIStatusBarStyleDefault;
				INFOPLIST_KEY_UISupportedInterfaceOrientations_iPad = "UIInterfaceOrientationPortrait UIInterfaceOrientationPortraitUpsideDown UIInterfaceOrientationLandscapeLeft UIInterfaceOrientationLandscapeRight";
				INFOPLIST_KEY_UISupportedInterfaceOrientations_iPhone = "UIInterfaceOrientationPortrait UIInterfaceOrientationLandscapeLeft UIInterfaceOrientationLandscapeRight";
				IPHONEOS_DEPLOYMENT_TARGET = 16.2;
				LD_RUNPATH_SEARCH_PATHS = "@executable_path/Frameworks";
				"LD_RUNPATH_SEARCH_PATHS[sdk=macosx*]" = "@executable_path/../Frameworks";
				MACOSX_DEPLOYMENT_TARGET = 12.6;
				MARKETING_VERSION = 1.0;
				PRODUCT_BUNDLE_IDENTIFIER = "colesherman.Week2-ToDo";
				PRODUCT_NAME = "$(TARGET_NAME)";
				SDKROOT = auto;
				SUPPORTED_PLATFORMS = "iphoneos iphonesimulator macosx";
				SWIFT_EMIT_LOC_STRINGS = YES;
				SWIFT_VERSION = 5.0;
				TARGETED_DEVICE_FAMILY = "1,2";
			};
			name = Release;
		};
/* End XCBuildConfiguration section */

/* Begin XCConfigurationList section */
		733954122B608786008B1F1A /* Build configuration list for PBXProject "Week2-ToDo" */ = {
			isa = XCConfigurationList;
			buildConfigurations = (
				733954242B60878C008B1F1A /* Debug */,
				733954252B60878C008B1F1A /* Release */,
			);
			defaultConfigurationIsVisible = 0;
			defaultConfigurationName = Release;
		};
		733954262B60878C008B1F1A /* Build configuration list for PBXNativeTarget "Week2-ToDo" */ = {
			isa = XCConfigurationList;
			buildConfigurations = (
				733954272B60878C008B1F1A /* Debug */,
				733954282B60878C008B1F1A /* Release */,
			);
			defaultConfigurationIsVisible = 0;
			defaultConfigurationName = Release;
		};
/* End XCConfigurationList section */
	};
	rootObject = 7339540F2B608786008B1F1A /* Project object */;
}
